[[package]]
name = "ansi_term"
version = "0.11.0"
source = "registry+https://github.com/rust-lang/crates.io-index"
dependencies = [
 "winapi 0.3.4 (registry+https://github.com/rust-lang/crates.io-index)",
]

[[package]]
name = "arrayvec"
version = "0.3.25"
source = "registry+https://github.com/rust-lang/crates.io-index"
dependencies = [
 "nodrop 0.1.12 (registry+https://github.com/rust-lang/crates.io-index)",
 "odds 0.2.26 (registry+https://github.com/rust-lang/crates.io-index)",
]

[[package]]
name = "atty"
version = "0.2.8"
source = "registry+https://github.com/rust-lang/crates.io-index"
dependencies = [
 "libc 0.2.39 (registry+https://github.com/rust-lang/crates.io-index)",
 "termion 1.5.1 (registry+https://github.com/rust-lang/crates.io-index)",
 "winapi 0.3.4 (registry+https://github.com/rust-lang/crates.io-index)",
]

[[package]]
name = "base64"
version = "0.9.0"
source = "registry+https://github.com/rust-lang/crates.io-index"
dependencies = [
 "byteorder 1.2.1 (registry+https://github.com/rust-lang/crates.io-index)",
 "safemem 0.2.0 (registry+https://github.com/rust-lang/crates.io-index)",
]

[[package]]
name = "bitflags"
version = "1.0.1"
source = "registry+https://github.com/rust-lang/crates.io-index"

[[package]]
name = "bitreader"
version = "0.3.1"
source = "registry+https://github.com/rust-lang/crates.io-index"

[[package]]
name = "byteorder"
version = "1.2.1"
source = "registry+https://github.com/rust-lang/crates.io-index"

[[package]]
name = "cfg-if"
version = "0.1.2"
source = "registry+https://github.com/rust-lang/crates.io-index"

[[package]]
name = "clap"
version = "2.31.1"
source = "registry+https://github.com/rust-lang/crates.io-index"
dependencies = [
 "ansi_term 0.11.0 (registry+https://github.com/rust-lang/crates.io-index)",
 "atty 0.2.8 (registry+https://github.com/rust-lang/crates.io-index)",
 "bitflags 1.0.1 (registry+https://github.com/rust-lang/crates.io-index)",
 "strsim 0.7.0 (registry+https://github.com/rust-lang/crates.io-index)",
 "textwrap 0.9.0 (registry+https://github.com/rust-lang/crates.io-index)",
 "unicode-width 0.1.4 (registry+https://github.com/rust-lang/crates.io-index)",
 "vec_map 0.8.0 (registry+https://github.com/rust-lang/crates.io-index)",
]

[[package]]
name = "data-encoding"
version = "1.2.0"
source = "registry+https://github.com/rust-lang/crates.io-index"

[[package]]
name = "fixedbitset"
version = "0.1.8"
source = "registry+https://github.com/rust-lang/crates.io-index"

[[package]]
name = "hex"
version = "0.3.1"
source = "registry+https://github.com/rust-lang/crates.io-index"

[[package]]
name = "hex-slice"
version = "0.1.4"
source = "registry+https://github.com/rust-lang/crates.io-index"

[[package]]
name = "hexdump"
version = "0.1.0"
source = "registry+https://github.com/rust-lang/crates.io-index"
dependencies = [
 "arrayvec 0.3.25 (registry+https://github.com/rust-lang/crates.io-index)",
 "itertools 0.4.19 (registry+https://github.com/rust-lang/crates.io-index)",
]

[[package]]
name = "itertools"
version = "0.4.19"
source = "registry+https://github.com/rust-lang/crates.io-index"

[[package]]
name = "libc"
version = "0.2.39"
source = "registry+https://github.com/rust-lang/crates.io-index"

[[package]]
name = "mpeg2ts-reader"
version = "0.4.0"
source = "registry+https://github.com/rust-lang/crates.io-index"
dependencies = [
 "bitreader 0.3.1 (registry+https://github.com/rust-lang/crates.io-index)",
 "byteorder 1.2.1 (registry+https://github.com/rust-lang/crates.io-index)",
 "data-encoding 1.2.0 (registry+https://github.com/rust-lang/crates.io-index)",
 "fixedbitset 0.1.8 (registry+https://github.com/rust-lang/crates.io-index)",
 "hex-slice 0.1.4 (registry+https://github.com/rust-lang/crates.io-index)",
 "hexdump 0.1.0 (registry+https://github.com/rust-lang/crates.io-index)",
]

[[package]]
name = "net2"
version = "0.2.32"
source = "registry+https://github.com/rust-lang/crates.io-index"
dependencies = [
 "cfg-if 0.1.2 (registry+https://github.com/rust-lang/crates.io-index)",
 "libc 0.2.39 (registry+https://github.com/rust-lang/crates.io-index)",
 "winapi 0.3.4 (registry+https://github.com/rust-lang/crates.io-index)",
]

[[package]]
name = "nodrop"
version = "0.1.12"
source = "registry+https://github.com/rust-lang/crates.io-index"

[[package]]
name = "odds"
version = "0.2.26"
source = "registry+https://github.com/rust-lang/crates.io-index"

[[package]]
name = "redox_syscall"
version = "0.1.37"
source = "registry+https://github.com/rust-lang/crates.io-index"

[[package]]
name = "redox_termios"
version = "0.1.1"
source = "registry+https://github.com/rust-lang/crates.io-index"
dependencies = [
 "redox_syscall 0.1.37 (registry+https://github.com/rust-lang/crates.io-index)",
]

[[package]]
name = "rtp-rs"
version = "0.2.0"
source = "registry+https://github.com/rust-lang/crates.io-index"

[[package]]
name = "safemem"
version = "0.2.0"
source = "registry+https://github.com/rust-lang/crates.io-index"

[[package]]
name = "scte35-reader"
version = "0.3.0"
source = "registry+https://github.com/rust-lang/crates.io-index"
dependencies = [
 "bitreader 0.3.1 (registry+https://github.com/rust-lang/crates.io-index)",
 "mpeg2ts-reader 0.4.0 (registry+https://github.com/rust-lang/crates.io-index)",
]

[[package]]
name = "scte35dump"
version = "0.1.2"
dependencies = [
 "base64 0.9.0 (registry+https://github.com/rust-lang/crates.io-index)",
 "bitreader 0.3.1 (registry+https://github.com/rust-lang/crates.io-index)",
 "clap 2.31.1 (registry+https://github.com/rust-lang/crates.io-index)",
 "hex 0.3.1 (registry+https://github.com/rust-lang/crates.io-index)",
 "hexdump 0.1.0 (registry+https://github.com/rust-lang/crates.io-index)",
 "mpeg2ts-reader 0.4.0 (registry+https://github.com/rust-lang/crates.io-index)",
 "net2 0.2.32 (registry+https://github.com/rust-lang/crates.io-index)",
 "rtp-rs 0.2.0 (registry+https://github.com/rust-lang/crates.io-index)",
 "scte35-reader 0.3.0 (registry+https://github.com/rust-lang/crates.io-index)",
]

[[package]]
name = "strsim"
version = "0.7.0"
source = "registry+https://github.com/rust-lang/crates.io-index"

[[package]]
name = "termion"
version = "1.5.1"
source = "registry+https://github.com/rust-lang/crates.io-index"
dependencies = [
 "libc 0.2.39 (registry+https://github.com/rust-lang/crates.io-index)",
 "redox_syscall 0.1.37 (registry+https://github.com/rust-lang/crates.io-index)",
 "redox_termios 0.1.1 (registry+https://github.com/rust-lang/crates.io-index)",
]

[[package]]
name = "textwrap"
version = "0.9.0"
source = "registry+https://github.com/rust-lang/crates.io-index"
dependencies = [
 "unicode-width 0.1.4 (registry+https://github.com/rust-lang/crates.io-index)",
]

[[package]]
name = "unicode-width"
version = "0.1.4"
source = "registry+https://github.com/rust-lang/crates.io-index"

[[package]]
name = "vec_map"
version = "0.8.0"
source = "registry+https://github.com/rust-lang/crates.io-index"

[[package]]
name = "winapi"
version = "0.3.4"
source = "registry+https://github.com/rust-lang/crates.io-index"
dependencies = [
 "winapi-i686-pc-windows-gnu 0.4.0 (registry+https://github.com/rust-lang/crates.io-index)",
 "winapi-x86_64-pc-windows-gnu 0.4.0 (registry+https://github.com/rust-lang/crates.io-index)",
]

[[package]]
name = "winapi-i686-pc-windows-gnu"
version = "0.4.0"
source = "registry+https://github.com/rust-lang/crates.io-index"

[[package]]
name = "winapi-x86_64-pc-windows-gnu"
version = "0.4.0"
source = "registry+https://github.com/rust-lang/crates.io-index"

[metadata]
"checksum ansi_term 0.11.0 (registry+https://github.com/rust-lang/crates.io-index)" = "ee49baf6cb617b853aa8d93bf420db2383fab46d314482ca2803b40d5fde979b"
"checksum arrayvec 0.3.25 (registry+https://github.com/rust-lang/crates.io-index)" = "06f59fe10306bb78facd90d28c2038ad23ffaaefa85bac43c8a434cde383334f"
"checksum atty 0.2.8 (registry+https://github.com/rust-lang/crates.io-index)" = "af80143d6f7608d746df1520709e5d141c96f240b0e62b0aa41bdfb53374d9d4"
"checksum base64 0.9.0 (registry+https://github.com/rust-lang/crates.io-index)" = "229d032f1a99302697f10b27167ae6d03d49d032e6a8e2550e8d3fc13356d2b4"
"checksum bitflags 1.0.1 (registry+https://github.com/rust-lang/crates.io-index)" = "b3c30d3802dfb7281680d6285f2ccdaa8c2d8fee41f93805dba5c4cf50dc23cf"
"checksum bitreader 0.3.1 (registry+https://github.com/rust-lang/crates.io-index)" = "a13e712f6e04f0e507a913abf5e008ba2a342ec26d9fac34ba0766bd77ced5b8"
"checksum byteorder 1.2.1 (registry+https://github.com/rust-lang/crates.io-index)" = "652805b7e73fada9d85e9a6682a4abd490cb52d96aeecc12e33a0de34dfd0d23"
"checksum cfg-if 0.1.2 (registry+https://github.com/rust-lang/crates.io-index)" = "d4c819a1287eb618df47cc647173c5c4c66ba19d888a6e50d605672aed3140de"
"checksum clap 2.31.1 (registry+https://github.com/rust-lang/crates.io-index)" = "5dc18f6f4005132120d9711636b32c46a233fad94df6217fa1d81c5e97a9f200"
"checksum data-encoding 1.2.0 (registry+https://github.com/rust-lang/crates.io-index)" = "d867ddbf09de0b73e09ec798972fb7f870495a0893f6f736c1855448c5a56789"
"checksum fixedbitset 0.1.8 (registry+https://github.com/rust-lang/crates.io-index)" = "85cb8fec437468d86dc7c83ca7cfc933341d561873275f22dd5eedefa63a6478"
"checksum hex 0.3.1 (registry+https://github.com/rust-lang/crates.io-index)" = "459d3cf58137bb02ad4adeef5036377ff59f066dbb82517b7192e3a5462a2abc"
"checksum hex-slice 0.1.4 (registry+https://github.com/rust-lang/crates.io-index)" = "5491a308e0214554f07a81d8944abe45f552871c12e3c3c6e7e5d354039a6c4c"
"checksum hexdump 0.1.0 (registry+https://github.com/rust-lang/crates.io-index)" = "850f3f2c33d20c0f96c4485e087dd580ff041d720988ebf4c84a42acf739262b"
"checksum itertools 0.4.19 (registry+https://github.com/rust-lang/crates.io-index)" = "c4a9b56eb56058f43dc66e58f40a214b2ccbc9f3df51861b63d51dec7b65bc3f"
"checksum libc 0.2.39 (registry+https://github.com/rust-lang/crates.io-index)" = "f54263ad99207254cf58b5f701ecb432c717445ea2ee8af387334bdd1a03fdff"
"checksum mpeg2ts-reader 0.4.0 (registry+https://github.com/rust-lang/crates.io-index)" = "a3c214030448589056890cbcdd1648f3e237df9c58d8aa6cedacb6a291d139b6"
"checksum net2 0.2.32 (registry+https://github.com/rust-lang/crates.io-index)" = "9044faf1413a1057267be51b5afba8eb1090bd2231c693664aa1db716fe1eae0"
"checksum nodrop 0.1.12 (registry+https://github.com/rust-lang/crates.io-index)" = "9a2228dca57108069a5262f2ed8bd2e82496d2e074a06d1ccc7ce1687b6ae0a2"
"checksum odds 0.2.26 (registry+https://github.com/rust-lang/crates.io-index)" = "4eae0151b9dacf24fcc170d9995e511669a082856a91f958a2fe380bfab3fb22"
"checksum redox_syscall 0.1.37 (registry+https://github.com/rust-lang/crates.io-index)" = "0d92eecebad22b767915e4d529f89f28ee96dbbf5a4810d2b844373f136417fd"
"checksum redox_termios 0.1.1 (registry+https://github.com/rust-lang/crates.io-index)" = "7e891cfe48e9100a70a3b6eb652fef28920c117d366339687bd5576160db0f76"
"checksum rtp-rs 0.2.0 (registry+https://github.com/rust-lang/crates.io-index)" = "bc86f35c9a0b6ad4395cbd4c157705a7d8804a3394ae07f0878bd801326e8161"
"checksum safemem 0.2.0 (registry+https://github.com/rust-lang/crates.io-index)" = "e27a8b19b835f7aea908818e871f5cc3a5a186550c30773be987e155e8163d8f"
"checksum scte35-reader 0.3.0 (registry+https://github.com/rust-lang/crates.io-index)" = "01d5613561e21b44b8259da38bbc1357bfb8d7e1a8227717778ee30192ebfa54"
"checksum strsim 0.7.0 (registry+https://github.com/rust-lang/crates.io-index)" = "bb4f380125926a99e52bc279241539c018323fab05ad6368b56f93d9369ff550"
"checksum termion 1.5.1 (registry+https://github.com/rust-lang/crates.io-index)" = "689a3bdfaab439fd92bc87df5c4c78417d3cbe537487274e9b0b2dce76e92096"
"checksum textwrap 0.9.0 (registry+https://github.com/rust-lang/crates.io-index)" = "c0b59b6b4b44d867f1370ef1bd91bfb262bf07bf0ae65c202ea2fbc16153b693"
"checksum unicode-width 0.1.4 (registry+https://github.com/rust-lang/crates.io-index)" = "bf3a113775714a22dcb774d8ea3655c53a32debae63a063acc00a91cc586245f"
"checksum vec_map 0.8.0 (registry+https://github.com/rust-lang/crates.io-index)" = "887b5b631c2ad01628bbbaa7dd4c869f80d3186688f8d0b6f58774fbe324988c"
"checksum winapi 0.3.4 (registry+https://github.com/rust-lang/crates.io-index)" = "04e3bd221fcbe8a271359c04f21a76db7d0c6028862d1bb5512d85e1e2eb5bb3"
"checksum winapi-i686-pc-windows-gnu 0.4.0 (registry+https://github.com/rust-lang/crates.io-index)" = "ac3b87c63620426dd9b991e5ce0329eff545bccbbb34f3be09ff6fb6ab51b7b6"
"checksum winapi-x86_64-pc-windows-gnu 0.4.0 (registry+https://github.com/rust-lang/crates.io-index)" = "712e227841d057c1ee1cd2fb22fa7e5a5461ae8e48fa2ca79ec42cfc1931183f"
